
Microsoft Visual Studio Solution File, Format Version 12.00
# Visual Studio Version 17
VisualStudioVersion = 17.5.33516.290
MinimumVisualStudioVersion = 10.0.40219.1
Project("{FAE04EC0-301F-11D3-BF4B-00C04F79EFBC}") = "WebApplication1", "WebApplication1\WebApplication1.csproj", "{3389A1AF-7EE3-4EA4-B20D-CB995470EC2C}"
EndProject
Global
	GlobalSection(SolutionConfigurationPlatforms) = preSolution
		Debug|Any CPU = Debug|Any CPU
		Release|Any CPU = Release|Any CPU
	EndGlobalSection
	GlobalSection(ProjectConfigurationPlatforms) = postSolution
		{3389A1AF-7EE3-4EA4-B20D-CB995470EC2C}.Debug|Any CPU.ActiveCfg = Debug|Any CPU
		{3389A1AF-7EE3-4EA4-B20D-CB995470EC2C}.Debug|Any CPU.Build.0 = Debug|Any CPU
		{3389A1AF-7EE3-4EA4-B20D-CB995470EC2C}.Release|Any CPU.ActiveCfg = Release|Any CPU
		{3389A1AF-7EE3-4EA4-B20D-CB995470EC2C}.Release|Any CPU.Build.0 = Release|Any CPU
	EndGlobalSection
	GlobalSection(SolutionProperties) = preSolution
		HideSolutionNode = FALSE
	EndGlobalSection
	GlobalSection(ExtensibilityGlobals) = postSolution
		SolutionGuid = {B01E14BF-3939-4F99-880D-67DCC2D3A62C}
	EndGlobalSection
EndGlobal
